Microsoft Visual Studio Solution File, Format Version 12.00
# Visual Studio Version 17
VisualStudioVersion = 17.5.2.0
MinimumVisualStudioVersion = 10.0.40219.1
Project("{FAE04EC0-301F-11D3-BF4B-00C04F79EFBC}") = "Game-Template", "Game-Template.csproj", "{786FCF22-B027-BA30-7E10-2A60C994D59A}"
EndProject
Global
	GlobalSection(SolutionConfigurationPlatforms) = preSolution
		Debug|Any CPU = Debug|Any CPU
		Release|Any CPU = Release|Any CPU
	EndGlobalSection
	GlobalSection(ProjectConfigurationPlatforms) = postSolution
		{786FCF22-B027-BA30-7E10-2A60C994D59A}.Debug|Any CPU.ActiveCfg = Debug|Any CPU
		{786FCF22-B027-BA30-7E10-2A60C994D59A}.Debug|Any CPU.Build.0 = Debug|Any CPU
		{786FCF22-B027-BA30-7E10-2A60C994D59A}.Release|Any CPU.ActiveCfg = Release|Any CPU
		{786FCF22-B027-BA30-7E10-2A60C994D59A}.Release|Any CPU.Build.0 = Release|Any CPU
	EndGlobalSection
	GlobalSection(SolutionProperties) = preSolution
		HideSolutionNode = FALSE
	EndGlobalSection
	GlobalSection(ExtensibilityGlobals) = postSolution
		SolutionGuid = {44E52496-F30A-4873-9394-23E864CC8A8B}
	EndGlobalSection
EndGlobal
